<?xml version="1.0" encoding="utf-8"?>
<Project ToolsVersion="4.0" xmlns="http://schemas.microsoft.com/developer/msbuild/2003">
  <ItemGroup>
    <Filter Include="Source Files">
      <UniqueIdentifier>{4FC737F1-C7A5-4376-A066-2A32D752A2FF}</UniqueIdentifier>
      <Extensions>cpp;c;cc;cxx;c++;cppm;ixx;def;odl;idl;hpj;bat;asm;asmx</Extensions>
    </Filter>
    <Filter Include="Header Files">
      <UniqueIdentifier>{93995380-89BD-4b04-88EB-625FBE52EBFB}</UniqueIdentifier>
      <Extensions>h;hh;hpp;hxx;h++;hm;inl;inc;ipp;xsd</Extensions>
    </Filter>
    <Filter Include="Resource Files">
      <UniqueIdentifier>{67DA6AB6-F800-4c08-8B7A-83BB121AAD01}</UniqueIdentifier>
      <Extensions>rc;ico;cur;bmp;dlg;rc2;rct;bin;rgs;gif;jpg;jpeg;jpe;resx;tiff;tif;png;wav;mfcribbon-ms</Extensions>
    </Filter>
    <Filter Include="Header Files\PugiXML">
      <UniqueIdentifier>{fa4b1fe8-abdd-403b-a5ec-f67934dcf9e2}</UniqueIdentifier>
    </Filter>
    <Filter Include="Header Files\Parser">
      <UniqueIdentifier>{334809b0-2c53-4e8f-8d82-1d9ee04aced5}</UniqueIdentifier>
    </Filter>
    <Filter Include="Source Files\Parser">
      <UniqueIdentifier>{bbdfcc55-6716-433a-996d-9cf7f34d9301}</UniqueIdentifier>
    </Filter>
    <Filter Include="Header Files\Consts">
      <UniqueIdentifier>{c1ae95e5-305a-461e-a5ff-d53e8c8395e5}</UniqueIdentifier>
    </Filter>
    <Filter Include="Resource Files\Data">
      <UniqueIdentifier>{2a2b4b59-3d93-4cdd-b234-296d02d95e52}</UniqueIdentifier>
    </Filter>
    <Filter Include="Header Files\Domain">
      <UniqueIdentifier>{0053ec05-e7fa-47f6-9d9b-6ff6b2b78122}</UniqueIdentifier>
    </Filter>
    <Filter Include="Header Files\Domain\Factory">
      <UniqueIdentifier>{dd9c540f-069a-4e94-9020-eb60dc26ddb3}</UniqueIdentifier>
    </Filter>
    <Filter Include="Header Files\Domain\Base">
      <UniqueIdentifier>{e4abcc28-c2e1-4a2f-bc57-e1a1d8ce0353}</UniqueIdentifier>
    </Filter>
    <Filter Include="Source Files\Domain">
      <UniqueIdentifier>{efdc9ac8-12af-4c9d-a7fa-9412fa42ee47}</UniqueIdentifier>
    </Filter>
    <Filter Include="Source Files\Domain\Factory">
      <UniqueIdentifier>{bc7f3e16-71f2-44b4-9bb3-a77e8e868fb2}</UniqueIdentifier>
    </Filter>
  </ItemGroup>
  <ItemGroup>
    <ClCompile Include="main.cpp">
      <Filter>Source Files</Filter>
    </ClCompile>
    <ClCompile Include="XMLParser.cpp">
      <Filter>Source Files\Parser</Filter>
    </ClCompile>
    <ClCompile Include="..\Libraries\pugixml-master\src\pugixml.cpp">
      <Filter>Header Files\PugiXML</Filter>
    </ClCompile>
    <ClCompile Include="SoftBrick.cpp">
      <Filter>Source Files\Domain</Filter>
    </ClCompile>
    <ClCompile Include="MediumBrick.cpp">
      <Filter>Source Files\Domain</Filter>
    </ClCompile>
    <ClCompile Include="HardBrick.cpp">
      <Filter>Source Files\Domain</Filter>
    </ClCompile>
    <ClCompile Include="ImpenetrableBrick.cpp">
      <Filter>Source Files\Domain</Filter>
    </ClCompile>
    <ClCompile Include="BrickFactory.cpp">
      <Filter>Source Files\Domain\Factory</Filter>
    </ClCompile>
  </ItemGroup>
  <ItemGroup>
    <ClInclude Include="XMLParser.h">
      <Filter>Header Files\Parser</Filter>
    </ClInclude>
    <ClInclude Include="..\..\Libraries\pugixml-master\src\pugiconfig.hpp">
      <Filter>Header Files\PugiXML</Filter>
    </ClInclude>
    <ClInclude Include="..\..\Libraries\pugixml-master\src\pugixml.hpp">
      <Filter>Header Files\PugiXML</Filter>
    </ClInclude>
    <ClInclude Include="XMLTags.h">
      <Filter>Header Files\Consts</Filter>
    </ClInclude>
    <ClInclude Include="XMLFiles.h">
      <Filter>Header Files\Consts</Filter>
    </ClInclude>
    <ClInclude Include="Brick.h">
      <Filter>Header Files\Domain\Base</Filter>
    </ClInclude>
    <ClInclude Include="SoftBrick.h">
      <Filter>Header Files\Domain</Filter>
    </ClInclude>
    <ClInclude Include="MediumBrick.h">
      <Filter>Header Files\Domain</Filter>
    </ClInclude>
    <ClInclude Include="HardBrick.h">
      <Filter>Header Files\Domain</Filter>
    </ClInclude>
    <ClInclude Include="ImpenetrableBrick.h">
      <Filter>Header Files\Domain</Filter>
    </ClInclude>
    <ClInclude Include="BrickFactory.h">
      <Filter>Header Files\Domain\Factory</Filter>
    </ClInclude>
  </ItemGroup>
  <ItemGroup>
    <Xml Include="Resources\Input\Level1.xml">
      <Filter>Resource Files\Data</Filter>
    </Xml>
  </ItemGroup>
</Project>